
Microsoft Visual Studio Solution File, Format Version 12.00
# Visual Studio Version 16
VisualStudioVersion = 16.0.32901.82
MinimumVisualStudioVersion = 10.0.40219.1
Project("{FAE04EC0-301F-11D3-BF4B-00C04F79EFBC}") = "Spark3MasteryMode", "Spark3MasteryMode\Spark3MasteryMode.csproj", "{0313FBAC-DC30-4544-A5C7-2D2CAA4CF3BE}"
EndProject
Global
	GlobalSection(SolutionConfigurationPlatforms) = preSolution
		Debug|Any CPU = Debug|Any CPU
		Release|Any CPU = Release|Any CPU
	EndGlobalSection
	GlobalSection(ProjectConfigurationPlatforms) = postSolution
		{0313FBAC-DC30-4544-A5C7-2D2CAA4CF3BE}.Debug|Any CPU.ActiveCfg = Debug|Any CPU
		{0313FBAC-DC30-4544-A5C7-2D2CAA4CF3BE}.Debug|Any CPU.Build.0 = Debug|Any CPU
		{0313FBAC-DC30-4544-A5C7-2D2CAA4CF3BE}.Release|Any CPU.ActiveCfg = Release|Any CPU
		{0313FBAC-DC30-4544-A5C7-2D2CAA4CF3BE}.Release|Any CPU.Build.0 = Release|Any CPU
	EndGlobalSection
	GlobalSection(SolutionProperties) = preSolution
		HideSolutionNode = FALSE
	EndGlobalSection
	GlobalSection(ExtensibilityGlobals) = postSolution
		SolutionGuid = {A41EA88D-41C8-4D2A-A69D-381454D44EF3}
	EndGlobalSection
EndGlobal
